
Microsoft Visual Studio Solution File, Format Version 12.00
# Visual Studio 2013
VisualStudioVersion = 12.0.30501.0
MinimumVisualStudioVersion = 10.0.40219.1
Project("{FAE04EC0-301F-11D3-BF4B-00C04F79EFBC}") = "SamplePwfProject", "SamplePwfProject\SamplePwfProject.csproj", "{05E8A787-948D-401A-A243-CC2DFFACA297}"
EndProject
Project("{FAE04EC0-301F-11D3-BF4B-00C04F79EFBC}") = "UnitTestProj", "UnitTestProj\UnitTestProj.csproj", "{975033A4-6F34-4AB1-A94B-1801505D9763}"
EndProject
Global
	GlobalSection(SolutionConfigurationPlatforms) = preSolution
		Debug|Any CPU = Debug|Any CPU
		Release|Any CPU = Release|Any CPU
	EndGlobalSection
	GlobalSection(ProjectConfigurationPlatforms) = postSolution
		{05E8A787-948D-401A-A243-CC2DFFACA297}.Debug|Any CPU.ActiveCfg = Debug|Any CPU
		{05E8A787-948D-401A-A243-CC2DFFACA297}.Debug|Any CPU.Build.0 = Debug|Any CPU
		{05E8A787-948D-401A-A243-CC2DFFACA297}.Release|Any CPU.ActiveCfg = Release|Any CPU
		{05E8A787-948D-401A-A243-CC2DFFACA297}.Release|Any CPU.Build.0 = Release|Any CPU
		{975033A4-6F34-4AB1-A94B-1801505D9763}.Debug|Any CPU.ActiveCfg = Debug|Any CPU
		{975033A4-6F34-4AB1-A94B-1801505D9763}.Debug|Any CPU.Build.0 = Debug|Any CPU
		{975033A4-6F34-4AB1-A94B-1801505D9763}.Release|Any CPU.ActiveCfg = Release|Any CPU
		{975033A4-6F34-4AB1-A94B-1801505D9763}.Release|Any CPU.Build.0 = Release|Any CPU
	EndGlobalSection
	GlobalSection(SolutionProperties) = preSolution
		HideSolutionNode = FALSE
	EndGlobalSection
EndGlobal
